
Microsoft Visual Studio Solution File, Format Version 12.00
# Visual Studio 15
VisualStudioVersion = 15.0.27004.2009
MinimumVisualStudioVersion = 10.0.40219.1
Project("{FAE04EC0-301F-11D3-BF4B-00C04F79EFBC}") = "StackDojo", "StackDojo\StackDojo.csproj", "{1313890E-CDD8-496C-97B6-FA1107F76614}"
EndProject
Global
	GlobalSection(SolutionConfigurationPlatforms) = preSolution
		Debug|Any CPU = Debug|Any CPU
		Release|Any CPU = Release|Any CPU
	EndGlobalSection
	GlobalSection(ProjectConfigurationPlatforms) = postSolution
		{1313890E-CDD8-496C-97B6-FA1107F76614}.Debug|Any CPU.ActiveCfg = Debug|Any CPU
		{1313890E-CDD8-496C-97B6-FA1107F76614}.Debug|Any CPU.Build.0 = Debug|Any CPU
		{1313890E-CDD8-496C-97B6-FA1107F76614}.Release|Any CPU.ActiveCfg = Release|Any CPU
		{1313890E-CDD8-496C-97B6-FA1107F76614}.Release|Any CPU.Build.0 = Release|Any CPU
	EndGlobalSection
	GlobalSection(SolutionProperties) = preSolution
		HideSolutionNode = FALSE
	EndGlobalSection
	GlobalSection(ExtensibilityGlobals) = postSolution
		SolutionGuid = {D59377F2-DECB-49E9-AF66-2875A9EA3AA9}
	EndGlobalSection
EndGlobal
